
Microsoft Visual Studio Solution File, Format Version 12.00
# Visual Studio Version 17
VisualStudioVersion = 17.14.36623.8 d17.14
MinimumVisualStudioVersion = 10.0.40219.1
Project("{FAE04EC0-301F-11D3-BF4B-00C04F79EFBC}") = "Student_Assessment_System", "Student_Assessment_System\Student_Assessment_System.csproj", "{FC13C11B-968D-4AB5-B600-8AF0580EC067}"
EndProject
Global
	GlobalSection(SolutionConfigurationPlatforms) = preSolution
		Debug|Any CPU = Debug|Any CPU
		Release|Any CPU = Release|Any CPU
	EndGlobalSection
	GlobalSection(ProjectConfigurationPlatforms) = postSolution
		{FC13C11B-968D-4AB5-B600-8AF0580EC067}.Debug|Any CPU.ActiveCfg = Debug|Any CPU
		{FC13C11B-968D-4AB5-B600-8AF0580EC067}.Debug|Any CPU.Build.0 = Debug|Any CPU
		{FC13C11B-968D-4AB5-B600-8AF0580EC067}.Release|Any CPU.ActiveCfg = Release|Any CPU
		{FC13C11B-968D-4AB5-B600-8AF0580EC067}.Release|Any CPU.Build.0 = Release|Any CPU
	EndGlobalSection
	GlobalSection(SolutionProperties) = preSolution
		HideSolutionNode = FALSE
	EndGlobalSection
	GlobalSection(ExtensibilityGlobals) = postSolution
		SolutionGuid = {4140C269-945C-4C23-8560-5E9A1C53AF90}
	EndGlobalSection
EndGlobal
